
Microsoft Visual Studio Solution File, Format Version 12.00
# Visual Studio Version 17
VisualStudioVersion = 17.2.32526.322
MinimumVisualStudioVersion = 10.0.40219.1
Project("{FAE04EC0-301F-11D3-BF4B-00C04F79EFBC}") = "TelerikDemoApp", "TelerikDemoApp\TelerikDemoApp.csproj", "{A3C817DE-2FBD-41F6-800A-494682E4893A}"
EndProject
Global
	GlobalSection(SolutionConfigurationPlatforms) = preSolution
		Debug|Any CPU = Debug|Any CPU
		Release|Any CPU = Release|Any CPU
	EndGlobalSection
	GlobalSection(ProjectConfigurationPlatforms) = postSolution
		{A3C817DE-2FBD-41F6-800A-494682E4893A}.Debug|Any CPU.ActiveCfg = Debug|Any CPU
		{A3C817DE-2FBD-41F6-800A-494682E4893A}.Debug|Any CPU.Build.0 = Debug|Any CPU
		{A3C817DE-2FBD-41F6-800A-494682E4893A}.Release|Any CPU.ActiveCfg = Release|Any CPU
		{A3C817DE-2FBD-41F6-800A-494682E4893A}.Release|Any CPU.Build.0 = Release|Any CPU
	EndGlobalSection
	GlobalSection(SolutionProperties) = preSolution
		HideSolutionNode = FALSE
	EndGlobalSection
	GlobalSection(ExtensibilityGlobals) = postSolution
		SolutionGuid = {542BC224-2646-4B21-8A5C-F1051586E049}
	EndGlobalSection
EndGlobal
